
Microsoft Visual Studio Solution File, Format Version 12.00
# Visual Studio Version 17
VisualStudioVersion = 17.0.32002.185
MinimumVisualStudioVersion = 10.0.40219.1
Project("{2150E333-8FDC-42A3-9474-1A3956D46DE8}") = "src", "src", "{D74E2EE0-69C6-4030-AA61-FE63A21435A0}"
EndProject
Project("{FAE04EC0-301F-11D3-BF4B-00C04F79EFBC}") = "RpgSaga.Console", "src\RpgSaga.Console\RpgSaga.Console.csproj", "{F6594A10-E446-4550-BBE3-4D92CD4B7136}"
EndProject
Project("{2150E333-8FDC-42A3-9474-1A3956D46DE8}") = "tests", "tests", "{3F2D8899-1935-48EF-954D-0820B8227BC7}"
EndProject
Project("{FAE04EC0-301F-11D3-BF4B-00C04F79EFBC}") = "RpgSaga.Core.Tests", "tests\RpgSaga.Core.Tests\RpgSaga.Core.Tests.csproj", "{715321E1-1A76-425D-9ADF-243E66E88A34}"
EndProject
Project("{FAE04EC0-301F-11D3-BF4B-00C04F79EFBC}") = "RpgSaga.Core", "src\RpgSaga.Core\RpgSaga.Core.csproj", "{9FBD76CF-8C66-49F8-A59A-1C6A7905EA11}"
EndProject
Global
	GlobalSection(SolutionConfigurationPlatforms) = preSolution
		Debug|Any CPU = Debug|Any CPU
		Release|Any CPU = Release|Any CPU
	EndGlobalSection
	GlobalSection(ProjectConfigurationPlatforms) = postSolution
		{F6594A10-E446-4550-BBE3-4D92CD4B7136}.Debug|Any CPU.ActiveCfg = Debug|Any CPU
		{F6594A10-E446-4550-BBE3-4D92CD4B7136}.Debug|Any CPU.Build.0 = Debug|Any CPU
		{F6594A10-E446-4550-BBE3-4D92CD4B7136}.Release|Any CPU.ActiveCfg = Release|Any CPU
		{F6594A10-E446-4550-BBE3-4D92CD4B7136}.Release|Any CPU.Build.0 = Release|Any CPU
		{715321E1-1A76-425D-9ADF-243E66E88A34}.Debug|Any CPU.ActiveCfg = Debug|Any CPU
		{715321E1-1A76-425D-9ADF-243E66E88A34}.Debug|Any CPU.Build.0 = Debug|Any CPU
		{715321E1-1A76-425D-9ADF-243E66E88A34}.Release|Any CPU.ActiveCfg = Release|Any CPU
		{715321E1-1A76-425D-9ADF-243E66E88A34}.Release|Any CPU.Build.0 = Release|Any CPU
		{9FBD76CF-8C66-49F8-A59A-1C6A7905EA11}.Debug|Any CPU.ActiveCfg = Debug|Any CPU
		{9FBD76CF-8C66-49F8-A59A-1C6A7905EA11}.Debug|Any CPU.Build.0 = Debug|Any CPU
		{9FBD76CF-8C66-49F8-A59A-1C6A7905EA11}.Release|Any CPU.ActiveCfg = Release|Any CPU
		{9FBD76CF-8C66-49F8-A59A-1C6A7905EA11}.Release|Any CPU.Build.0 = Release|Any CPU
	EndGlobalSection
	GlobalSection(SolutionProperties) = preSolution
		HideSolutionNode = FALSE
	EndGlobalSection
	GlobalSection(ExtensibilityGlobals) = postSolution
		SolutionGuid = {140D1D4F-B8D7-4A18-BDB9-744003372EEE}
	EndGlobalSection
	GlobalSection(NestedProjects) = preSolution
		{F6594A10-E446-4550-BBE3-4D92CD4B7136} = {D74E2EE0-69C6-4030-AA61-FE63A21435A0}
		{715321E1-1A76-425D-9ADF-243E66E88A34} = {3F2D8899-1935-48EF-954D-0820B8227BC7}
		{9FBD76CF-8C66-49F8-A59A-1C6A7905EA11} = {D74E2EE0-69C6-4030-AA61-FE63A21435A0}
	EndGlobalSection
EndGlobal
