
Microsoft Visual Studio Solution File, Format Version 12.00
# Visual Studio Version 17
VisualStudioVersion = 17.0.32002.185
MinimumVisualStudioVersion = 10.0.40219.1
Project("{2150E333-8FDC-42A3-9474-1A3956D46DE8}") = "src", "src", "{20DA9110-EC20-41D2-BD98-DAF67F223EE7}"
EndProject
Project("{9A19103F-16F7-4668-BE54-9A1E7A4F7556}") = "OnlineShop.Web", "src\OnlineShop.Web\OnlineShop.Web.csproj", "{C6DDCE5C-536D-4040-838F-E716F6E7CDD0}"
EndProject
Project("{2150E333-8FDC-42A3-9474-1A3956D46DE8}") = "tests", "tests", "{8DDC5A9C-B95B-4E5E-BBB8-9C346A73B4F0}"
EndProject
Project("{9A19103F-16F7-4668-BE54-9A1E7A4F7556}") = "OnlineShop.Web.Tests", "tests\OnlineShop.Web.Tests\OnlineShop.Web.Tests.csproj", "{25C88F18-1081-44F9-91DC-AC8B27E9E23B}"
EndProject
Project("{9A19103F-16F7-4668-BE54-9A1E7A4F7556}") = "OnlineShop.Application", "src\OnlineShop.Application\OnlineShop.Application.csproj", "{4E81F7AA-A0BE-4359-B5F6-DAC7664D351B}"
EndProject
Project("{9A19103F-16F7-4668-BE54-9A1E7A4F7556}") = "OnlineShop.Domain", "src\OnlineShop.Domain\OnlineShop.Domain.csproj", "{BA0E3789-7474-45C0-B753-3710E25327A9}"
EndProject
Project("{9A19103F-16F7-4668-BE54-9A1E7A4F7556}") = "OnlineShop.Infrastructure", "src\OnlineShop.Infrastructure\OnlineShop.Infrastructure.csproj", "{FCEC40E2-5F0A-46BB-8145-C5A794CE27FA}"
EndProject
Project("{FAE04EC0-301F-11D3-BF4B-00C04F79EFBC}") = "OnlineShop.Web.MockFactory.Tests", "tests\OnlineShop.Web.MockFactory.Tests\OnlineShop.Web.MockFactory.Tests.csproj", "{6AAA4B15-76DA-4011-AA8E-780BD67C7CA2}"
EndProject
Global
	GlobalSection(SolutionConfigurationPlatforms) = preSolution
		Debug|Any CPU = Debug|Any CPU
		Release|Any CPU = Release|Any CPU
	EndGlobalSection
	GlobalSection(ProjectConfigurationPlatforms) = postSolution
		{C6DDCE5C-536D-4040-838F-E716F6E7CDD0}.Debug|Any CPU.ActiveCfg = Debug|Any CPU
		{C6DDCE5C-536D-4040-838F-E716F6E7CDD0}.Debug|Any CPU.Build.0 = Debug|Any CPU
		{C6DDCE5C-536D-4040-838F-E716F6E7CDD0}.Release|Any CPU.ActiveCfg = Release|Any CPU
		{C6DDCE5C-536D-4040-838F-E716F6E7CDD0}.Release|Any CPU.Build.0 = Release|Any CPU
		{25C88F18-1081-44F9-91DC-AC8B27E9E23B}.Debug|Any CPU.ActiveCfg = Debug|Any CPU
		{25C88F18-1081-44F9-91DC-AC8B27E9E23B}.Debug|Any CPU.Build.0 = Debug|Any CPU
		{25C88F18-1081-44F9-91DC-AC8B27E9E23B}.Release|Any CPU.ActiveCfg = Release|Any CPU
		{25C88F18-1081-44F9-91DC-AC8B27E9E23B}.Release|Any CPU.Build.0 = Release|Any CPU
		{4E81F7AA-A0BE-4359-B5F6-DAC7664D351B}.Debug|Any CPU.ActiveCfg = Debug|Any CPU
		{4E81F7AA-A0BE-4359-B5F6-DAC7664D351B}.Debug|Any CPU.Build.0 = Debug|Any CPU
		{4E81F7AA-A0BE-4359-B5F6-DAC7664D351B}.Release|Any CPU.ActiveCfg = Release|Any CPU
		{4E81F7AA-A0BE-4359-B5F6-DAC7664D351B}.Release|Any CPU.Build.0 = Release|Any CPU
		{BA0E3789-7474-45C0-B753-3710E25327A9}.Debug|Any CPU.ActiveCfg = Debug|Any CPU
		{BA0E3789-7474-45C0-B753-3710E25327A9}.Debug|Any CPU.Build.0 = Debug|Any CPU
		{BA0E3789-7474-45C0-B753-3710E25327A9}.Release|Any CPU.ActiveCfg = Release|Any CPU
		{BA0E3789-7474-45C0-B753-3710E25327A9}.Release|Any CPU.Build.0 = Release|Any CPU
		{FCEC40E2-5F0A-46BB-8145-C5A794CE27FA}.Debug|Any CPU.ActiveCfg = Debug|Any CPU
		{FCEC40E2-5F0A-46BB-8145-C5A794CE27FA}.Debug|Any CPU.Build.0 = Debug|Any CPU
		{FCEC40E2-5F0A-46BB-8145-C5A794CE27FA}.Release|Any CPU.ActiveCfg = Release|Any CPU
		{FCEC40E2-5F0A-46BB-8145-C5A794CE27FA}.Release|Any CPU.Build.0 = Release|Any CPU
		{6AAA4B15-76DA-4011-AA8E-780BD67C7CA2}.Debug|Any CPU.ActiveCfg = Debug|Any CPU
		{6AAA4B15-76DA-4011-AA8E-780BD67C7CA2}.Debug|Any CPU.Build.0 = Debug|Any CPU
		{6AAA4B15-76DA-4011-AA8E-780BD67C7CA2}.Release|Any CPU.ActiveCfg = Release|Any CPU
		{6AAA4B15-76DA-4011-AA8E-780BD67C7CA2}.Release|Any CPU.Build.0 = Release|Any CPU
	EndGlobalSection
	GlobalSection(SolutionProperties) = preSolution
		HideSolutionNode = FALSE
	EndGlobalSection
	GlobalSection(NestedProjects) = preSolution
		{C6DDCE5C-536D-4040-838F-E716F6E7CDD0} = {20DA9110-EC20-41D2-BD98-DAF67F223EE7}
		{25C88F18-1081-44F9-91DC-AC8B27E9E23B} = {8DDC5A9C-B95B-4E5E-BBB8-9C346A73B4F0}
		{4E81F7AA-A0BE-4359-B5F6-DAC7664D351B} = {20DA9110-EC20-41D2-BD98-DAF67F223EE7}
		{BA0E3789-7474-45C0-B753-3710E25327A9} = {20DA9110-EC20-41D2-BD98-DAF67F223EE7}
		{FCEC40E2-5F0A-46BB-8145-C5A794CE27FA} = {20DA9110-EC20-41D2-BD98-DAF67F223EE7}
		{6AAA4B15-76DA-4011-AA8E-780BD67C7CA2} = {8DDC5A9C-B95B-4E5E-BBB8-9C346A73B4F0}
	EndGlobalSection
	GlobalSection(ExtensibilityGlobals) = postSolution
		SolutionGuid = {826DBE56-8D65-42D2-BD4C-9DCAE380ED84}
	EndGlobalSection
EndGlobal
