
Microsoft Visual Studio Solution File, Format Version 12.00
# Visual Studio Version 16
VisualStudioVersion = 16.0.30114.105
MinimumVisualStudioVersion = 10.0.40219.1
Project("{FAE04EC0-301F-11D3-BF4B-00C04F79EFBC}") = "ValidParentheses", "Valid Parentheses\ValidParentheses.csproj", "{D55EFD46-E59E-490A-8701-74FE1EF8DC4E}"
EndProject
Project("{FAE04EC0-301F-11D3-BF4B-00C04F79EFBC}") = "DuplicateEncoder", "Duplicate Encoder\DuplicateEncoder.csproj", "{6935B4A7-F55B-4212-BCF3-1CC2977FE8DA}"
EndProject
Project("{FAE04EC0-301F-11D3-BF4B-00C04F79EFBC}") = "Snail", "Snail\Snail.csproj", "{C1C27289-3A16-47FC-A43B-2965864B3DC6}"
EndProject
Project("{FAE04EC0-301F-11D3-BF4B-00C04F79EFBC}") = "TreeMaxSum", "Fun with tree - max sum\TreeMaxSum.csproj", "{23D49306-DA06-46A1-85DC-3D1516234F6C}"
EndProject
Project("{FAE04EC0-301F-11D3-BF4B-00C04F79EFBC}") = "SimplePigLatin", "Simple Pig Latin\SimplePigLatin.csproj", "{1F646F1C-942E-4D78-9E10-3917F50C84B2}"
EndProject
Project("{FAE04EC0-301F-11D3-BF4B-00C04F79EFBC}") = "AddingBigNumbers", "Adding Big Numbers\AddingBigNumbers.csproj", "{0D749763-F9EB-4C90-A699-41B3D5DCC4C5}"
EndProject
Project("{FAE04EC0-301F-11D3-BF4B-00C04F79EFBC}") = "FibProduct", "Product of consecutive Fib numbers\FibProduct.csproj", "{213F0F0F-A3E4-460E-822B-85D107071D4E}"
Project("{FAE04EC0-301F-11D3-BF4B-00C04F79EFBC}") = "ConvertToCamelCase", "Convert string to camel case\ConvertToCamelCase.csproj", "{D086FDA8-0EC1-4EAD-B863-A662C7F34903}"
EndProject
Global
	GlobalSection(SolutionConfigurationPlatforms) = preSolution
		Debug|Any CPU = Debug|Any CPU
		Release|Any CPU = Release|Any CPU
	EndGlobalSection
	GlobalSection(SolutionProperties) = preSolution
		HideSolutionNode = FALSE
	EndGlobalSection
	GlobalSection(ProjectConfigurationPlatforms) = postSolution
		{D55EFD46-E59E-490A-8701-74FE1EF8DC4E}.Debug|Any CPU.ActiveCfg = Debug|Any CPU
		{D55EFD46-E59E-490A-8701-74FE1EF8DC4E}.Debug|Any CPU.Build.0 = Debug|Any CPU
		{D55EFD46-E59E-490A-8701-74FE1EF8DC4E}.Release|Any CPU.ActiveCfg = Release|Any CPU
		{D55EFD46-E59E-490A-8701-74FE1EF8DC4E}.Release|Any CPU.Build.0 = Release|Any CPU
		{E4D5F0E0-6099-43E2-9D97-E13F6BB6EF9B}.Debug|Any CPU.ActiveCfg = Debug|Any CPU
		{E4D5F0E0-6099-43E2-9D97-E13F6BB6EF9B}.Debug|Any CPU.Build.0 = Debug|Any CPU
		{E4D5F0E0-6099-43E2-9D97-E13F6BB6EF9B}.Release|Any CPU.ActiveCfg = Release|Any CPU
		{E4D5F0E0-6099-43E2-9D97-E13F6BB6EF9B}.Release|Any CPU.Build.0 = Release|Any CPU
		{9018BB56-BCCD-48FF-8288-2EA9DF9FBED8}.Debug|Any CPU.ActiveCfg = Debug|Any CPU
		{9018BB56-BCCD-48FF-8288-2EA9DF9FBED8}.Debug|Any CPU.Build.0 = Debug|Any CPU
		{9018BB56-BCCD-48FF-8288-2EA9DF9FBED8}.Release|Any CPU.ActiveCfg = Release|Any CPU
		{9018BB56-BCCD-48FF-8288-2EA9DF9FBED8}.Release|Any CPU.Build.0 = Release|Any CPU
		{A46AD5E3-5F75-4030-8512-5D41E9B97582}.Debug|Any CPU.ActiveCfg = Debug|Any CPU
		{A46AD5E3-5F75-4030-8512-5D41E9B97582}.Debug|Any CPU.Build.0 = Debug|Any CPU
		{A46AD5E3-5F75-4030-8512-5D41E9B97582}.Release|Any CPU.ActiveCfg = Release|Any CPU
		{A46AD5E3-5F75-4030-8512-5D41E9B97582}.Release|Any CPU.Build.0 = Release|Any CPU
		{BF879CAA-29DE-45C5-BFC3-45C907634A8C}.Debug|Any CPU.ActiveCfg = Debug|Any CPU
		{BF879CAA-29DE-45C5-BFC3-45C907634A8C}.Debug|Any CPU.Build.0 = Debug|Any CPU
		{BF879CAA-29DE-45C5-BFC3-45C907634A8C}.Release|Any CPU.ActiveCfg = Release|Any CPU
		{BF879CAA-29DE-45C5-BFC3-45C907634A8C}.Release|Any CPU.Build.0 = Release|Any CPU
		{22E1302D-D5DC-42EA-B2DA-FF310FC45AD9}.Debug|Any CPU.ActiveCfg = Debug|Any CPU
		{22E1302D-D5DC-42EA-B2DA-FF310FC45AD9}.Debug|Any CPU.Build.0 = Debug|Any CPU
		{22E1302D-D5DC-42EA-B2DA-FF310FC45AD9}.Release|Any CPU.ActiveCfg = Release|Any CPU
		{22E1302D-D5DC-42EA-B2DA-FF310FC45AD9}.Release|Any CPU.Build.0 = Release|Any CPU
		{ABB1C41B-27B1-4960-B56A-52B0C402F7C7}.Debug|Any CPU.ActiveCfg = Debug|Any CPU
		{ABB1C41B-27B1-4960-B56A-52B0C402F7C7}.Debug|Any CPU.Build.0 = Debug|Any CPU
		{ABB1C41B-27B1-4960-B56A-52B0C402F7C7}.Release|Any CPU.ActiveCfg = Release|Any CPU
		{ABB1C41B-27B1-4960-B56A-52B0C402F7C7}.Release|Any CPU.Build.0 = Release|Any CPU
		{1E7D1090-BA51-42E7-91AE-75243B94B0F3}.Debug|Any CPU.ActiveCfg = Debug|Any CPU
		{1E7D1090-BA51-42E7-91AE-75243B94B0F3}.Debug|Any CPU.Build.0 = Debug|Any CPU
		{1E7D1090-BA51-42E7-91AE-75243B94B0F3}.Release|Any CPU.ActiveCfg = Release|Any CPU
		{1E7D1090-BA51-42E7-91AE-75243B94B0F3}.Release|Any CPU.Build.0 = Release|Any CPU
		{6935B4A7-F55B-4212-BCF3-1CC2977FE8DA}.Debug|Any CPU.ActiveCfg = Debug|Any CPU
		{6935B4A7-F55B-4212-BCF3-1CC2977FE8DA}.Debug|Any CPU.Build.0 = Debug|Any CPU
		{6935B4A7-F55B-4212-BCF3-1CC2977FE8DA}.Release|Any CPU.ActiveCfg = Release|Any CPU
		{6935B4A7-F55B-4212-BCF3-1CC2977FE8DA}.Release|Any CPU.Build.0 = Release|Any CPU
		{9795E30B-4070-41BD-BE8D-32C6D182864B}.Debug|Any CPU.ActiveCfg = Debug|Any CPU
		{9795E30B-4070-41BD-BE8D-32C6D182864B}.Debug|Any CPU.Build.0 = Debug|Any CPU
		{9795E30B-4070-41BD-BE8D-32C6D182864B}.Release|Any CPU.ActiveCfg = Release|Any CPU
		{9795E30B-4070-41BD-BE8D-32C6D182864B}.Release|Any CPU.Build.0 = Release|Any CPU
		{C1C27289-3A16-47FC-A43B-2965864B3DC6}.Debug|Any CPU.ActiveCfg = Debug|Any CPU
		{C1C27289-3A16-47FC-A43B-2965864B3DC6}.Debug|Any CPU.Build.0 = Debug|Any CPU
		{C1C27289-3A16-47FC-A43B-2965864B3DC6}.Release|Any CPU.ActiveCfg = Release|Any CPU
		{C1C27289-3A16-47FC-A43B-2965864B3DC6}.Release|Any CPU.Build.0 = Release|Any CPU
		{23D49306-DA06-46A1-85DC-3D1516234F6C}.Debug|Any CPU.ActiveCfg = Debug|Any CPU
		{23D49306-DA06-46A1-85DC-3D1516234F6C}.Debug|Any CPU.Build.0 = Debug|Any CPU
		{23D49306-DA06-46A1-85DC-3D1516234F6C}.Release|Any CPU.ActiveCfg = Release|Any CPU
		{23D49306-DA06-46A1-85DC-3D1516234F6C}.Release|Any CPU.Build.0 = Release|Any CPU
		{1F646F1C-942E-4D78-9E10-3917F50C84B2}.Debug|Any CPU.ActiveCfg = Debug|Any CPU
		{1F646F1C-942E-4D78-9E10-3917F50C84B2}.Debug|Any CPU.Build.0 = Debug|Any CPU
		{1F646F1C-942E-4D78-9E10-3917F50C84B2}.Release|Any CPU.ActiveCfg = Release|Any CPU
		{1F646F1C-942E-4D78-9E10-3917F50C84B2}.Release|Any CPU.Build.0 = Release|Any CPU
		{0D749763-F9EB-4C90-A699-41B3D5DCC4C5}.Debug|Any CPU.ActiveCfg = Debug|Any CPU
		{0D749763-F9EB-4C90-A699-41B3D5DCC4C5}.Debug|Any CPU.Build.0 = Debug|Any CPU
		{0D749763-F9EB-4C90-A699-41B3D5DCC4C5}.Release|Any CPU.ActiveCfg = Release|Any CPU
		{0D749763-F9EB-4C90-A699-41B3D5DCC4C5}.Release|Any CPU.Build.0 = Release|Any CPU
		{213F0F0F-A3E4-460E-822B-85D107071D4E}.Debug|Any CPU.ActiveCfg = Debug|Any CPU
		{213F0F0F-A3E4-460E-822B-85D107071D4E}.Debug|Any CPU.Build.0 = Debug|Any CPU
		{213F0F0F-A3E4-460E-822B-85D107071D4E}.Release|Any CPU.ActiveCfg = Release|Any CPU
		{213F0F0F-A3E4-460E-822B-85D107071D4E}.Release|Any CPU.Build.0 = Release|Any CPU
		{D086FDA8-0EC1-4EAD-B863-A662C7F34903}.Debug|Any CPU.ActiveCfg = Debug|Any CPU
		{D086FDA8-0EC1-4EAD-B863-A662C7F34903}.Debug|Any CPU.Build.0 = Debug|Any CPU
		{D086FDA8-0EC1-4EAD-B863-A662C7F34903}.Release|Any CPU.ActiveCfg = Release|Any CPU
		{D086FDA8-0EC1-4EAD-B863-A662C7F34903}.Release|Any CPU.Build.0 = Release|Any CPU
	EndGlobalSection
EndGlobal
